
Microsoft Visual Studio Solution File, Format Version 12.00
# Visual Studio 2012
Project("{FAE04EC0-301F-11D3-BF4B-00C04F79EFBC}") = "KeysExportViewer", "KeysExportViewer\KeysExportViewer.csproj", "{229BD385-DFB9-4FBD-B8C9-E56D96767583}"
EndProject
Project("{2150E333-8FDC-42A3-9474-1A3956D46DE8}") = "Files", "Files", "{B2EC4E33-1EFC-4F0F-8583-4D69326D6D5D}"
ProjectSection(SolutionItems) = preProject
	.gitignore = .gitignore
	LICENSE = LICENSE
	README.md = README.md
	CONTRIBUTORS.md = CONTRIBUTORS.md
EndProjectSection
EndProject
Global
	GlobalSection(SolutionConfigurationPlatforms) = preSolution
		Debug|Any CPU = Debug|Any CPU
		Release|Any CPU = Release|Any CPU
	EndGlobalSection
	GlobalSection(ProjectConfigurationPlatforms) = postSolution
		{229BD385-DFB9-4FBD-B8C9-E56D96767583}.Debug|Any CPU.ActiveCfg = Debug|Any CPU
		{229BD385-DFB9-4FBD-B8C9-E56D96767583}.Debug|Any CPU.Build.0 = Debug|Any CPU
		{229BD385-DFB9-4FBD-B8C9-E56D96767583}.Release|Any CPU.ActiveCfg = Release|Any CPU
		{229BD385-DFB9-4FBD-B8C9-E56D96767583}.Release|Any CPU.Build.0 = Release|Any CPU
	EndGlobalSection
	GlobalSection(SolutionProperties) = preSolution
		HideSolutionNode = FALSE
	EndGlobalSection
EndGlobal
